
Microsoft Visual Studio Solution File, Format Version 12.00
# Visual Studio Version 17
VisualStudioVersion = 17.5.33516.290
MinimumVisualStudioVersion = 10.0.40219.1
Project("{9A19103F-16F7-4668-BE54-9A1E7A4F7556}") = "MedicalTourism", "MedicalTourism\MedicalTourism.csproj", "{3B430176-AC22-457E-9D95-C945BCB81DF2}"
EndProject
Project("{9A19103F-16F7-4668-BE54-9A1E7A4F7556}") = "MedicalTourismBusinessLogic", "MedicalTourismBusinessLogic\MedicalTourismBusinessLogic.csproj", "{DCC0E86E-562A-456B-972E-643AFDC83695}"
EndProject
Project("{9A19103F-16F7-4668-BE54-9A1E7A4F7556}") = "MedicalTourismDataLayer", "MedicalTourismDataLayer\MedicalTourismDataLayer.csproj", "{E2477383-647F-4346-8CB8-A3BCA9FBF14A}"
EndProject
Project("{9A19103F-16F7-4668-BE54-9A1E7A4F7556}") = "TestApp", "TestApp\TestApp.csproj", "{66C71F6E-10C1-4ED9-9A9D-318FCEC618E5}"
EndProject
Project("{FAE04EC0-301F-11D3-BF4B-00C04F79EFBC}") = "MedicalTourismConfig", "MedicalTourismConfig\MedicalTourismConfig.csproj", "{07F50B20-79B2-4619-A4BA-23393719006C}"
EndProject
Project("{FAE04EC0-301F-11D3-BF4B-00C04F79EFBC}") = "MedicalTourismPatient", "MedicalTourismPatient\MedicalTourismPatient.csproj", "{5615BC37-5C2F-4005-B3E3-08452498E394}"
EndProject
Global
	GlobalSection(SolutionConfigurationPlatforms) = preSolution
		Debug|Any CPU = Debug|Any CPU
		Release|Any CPU = Release|Any CPU
	EndGlobalSection
	GlobalSection(ProjectConfigurationPlatforms) = postSolution
		{3B430176-AC22-457E-9D95-C945BCB81DF2}.Debug|Any CPU.ActiveCfg = Debug|Any CPU
		{3B430176-AC22-457E-9D95-C945BCB81DF2}.Debug|Any CPU.Build.0 = Debug|Any CPU
		{3B430176-AC22-457E-9D95-C945BCB81DF2}.Release|Any CPU.ActiveCfg = Release|Any CPU
		{3B430176-AC22-457E-9D95-C945BCB81DF2}.Release|Any CPU.Build.0 = Release|Any CPU
		{DCC0E86E-562A-456B-972E-643AFDC83695}.Debug|Any CPU.ActiveCfg = Debug|Any CPU
		{DCC0E86E-562A-456B-972E-643AFDC83695}.Debug|Any CPU.Build.0 = Debug|Any CPU
		{DCC0E86E-562A-456B-972E-643AFDC83695}.Release|Any CPU.ActiveCfg = Release|Any CPU
		{DCC0E86E-562A-456B-972E-643AFDC83695}.Release|Any CPU.Build.0 = Release|Any CPU
		{E2477383-647F-4346-8CB8-A3BCA9FBF14A}.Debug|Any CPU.ActiveCfg = Debug|Any CPU
		{E2477383-647F-4346-8CB8-A3BCA9FBF14A}.Debug|Any CPU.Build.0 = Debug|Any CPU
		{E2477383-647F-4346-8CB8-A3BCA9FBF14A}.Release|Any CPU.ActiveCfg = Release|Any CPU
		{E2477383-647F-4346-8CB8-A3BCA9FBF14A}.Release|Any CPU.Build.0 = Release|Any CPU
		{66C71F6E-10C1-4ED9-9A9D-318FCEC618E5}.Debug|Any CPU.ActiveCfg = Debug|Any CPU
		{66C71F6E-10C1-4ED9-9A9D-318FCEC618E5}.Debug|Any CPU.Build.0 = Debug|Any CPU
		{66C71F6E-10C1-4ED9-9A9D-318FCEC618E5}.Release|Any CPU.ActiveCfg = Release|Any CPU
		{66C71F6E-10C1-4ED9-9A9D-318FCEC618E5}.Release|Any CPU.Build.0 = Release|Any CPU
		{07F50B20-79B2-4619-A4BA-23393719006C}.Debug|Any CPU.ActiveCfg = Debug|Any CPU
		{07F50B20-79B2-4619-A4BA-23393719006C}.Debug|Any CPU.Build.0 = Debug|Any CPU
		{07F50B20-79B2-4619-A4BA-23393719006C}.Release|Any CPU.ActiveCfg = Release|Any CPU
		{07F50B20-79B2-4619-A4BA-23393719006C}.Release|Any CPU.Build.0 = Release|Any CPU
		{5615BC37-5C2F-4005-B3E3-08452498E394}.Debug|Any CPU.ActiveCfg = Debug|Any CPU
		{5615BC37-5C2F-4005-B3E3-08452498E394}.Debug|Any CPU.Build.0 = Debug|Any CPU
		{5615BC37-5C2F-4005-B3E3-08452498E394}.Release|Any CPU.ActiveCfg = Release|Any CPU
		{5615BC37-5C2F-4005-B3E3-08452498E394}.Release|Any CPU.Build.0 = Release|Any CPU
	EndGlobalSection
	GlobalSection(SolutionProperties) = preSolution
		HideSolutionNode = FALSE
	EndGlobalSection
	GlobalSection(ExtensibilityGlobals) = postSolution
		SolutionGuid = {349DFFF0-0E5A-4873-B105-063ABE07CE9F}
	EndGlobalSection
EndGlobal
